
Microsoft Visual Studio Solution File, Format Version 12.00
# Visual Studio Version 17
VisualStudioVersion = 17.14.37411.7
MinimumVisualStudioVersion = 10.0.40219.1
Project("{FAE04EC0-301F-11D3-BF4B-00C04F79EFBC}") = "GiftOfTheGivers", "GiftOfTheGivers1\GiftOfTheGivers.csproj", "{E9D4AF3D-393A-4DB7-9203-2927D4DCD111}"
EndProject
Project("{FAE04EC0-301F-11D3-BF4B-00C04F79EFBC}") = "GiftOfTheGivers.Functions", "GiftOfTheGivers.Functions\GiftOfTheGivers.Functions.csproj", "{AE8548D3-9FDF-416E-9751-78606BECA554}"
EndProject
Project("{FAE04EC0-301F-11D3-BF4B-00C04F79EFBC}") = "GiftOfTheGivers.Helpers", "GiftOfTheGivers.Helpers\GiftOfTheGivers.Helpers.csproj", "{BF4CEB8F-F0FE-4C75-A646-F49FC4453D2A}"
EndProject
Project("{FAE04EC0-301F-11D3-BF4B-00C04F79EFBC}") = "GiftOfTheGivers.Tests", "GiftOfTheGivers.Tests\GiftOfTheGivers.Tests.csproj", "{E2FF2ADD-0FC8-4078-8882-FEF84EF9D587}"
EndProject
Global
	GlobalSection(SolutionConfigurationPlatforms) = preSolution
		Debug|Any CPU = Debug|Any CPU
		Debug|x64 = Debug|x64
		Debug|x86 = Debug|x86
		Release|Any CPU = Release|Any CPU
		Release|x64 = Release|x64
		Release|x86 = Release|x86
	EndGlobalSection
	GlobalSection(ProjectConfigurationPlatforms) = postSolution
		{E9D4AF3D-393A-4DB7-9203-2927D4DCD111}.Debug|Any CPU.ActiveCfg = Debug|Any CPU
		{E9D4AF3D-393A-4DB7-9203-2927D4DCD111}.Debug|Any CPU.Build.0 = Debug|Any CPU
		{E9D4AF3D-393A-4DB7-9203-2927D4DCD111}.Debug|x64.ActiveCfg = Debug|Any CPU
		{E9D4AF3D-393A-4DB7-9203-2927D4DCD111}.Debug|x64.Build.0 = Debug|Any CPU
		{E9D4AF3D-393A-4DB7-9203-2927D4DCD111}.Debug|x86.ActiveCfg = Debug|Any CPU
		{E9D4AF3D-393A-4DB7-9203-2927D4DCD111}.Debug|x86.Build.0 = Debug|Any CPU
		{E9D4AF3D-393A-4DB7-9203-2927D4DCD111}.Release|Any CPU.ActiveCfg = Release|Any CPU
		{E9D4AF3D-393A-4DB7-9203-2927D4DCD111}.Release|Any CPU.Build.0 = Release|Any CPU
		{E9D4AF3D-393A-4DB7-9203-2927D4DCD111}.Release|x64.ActiveCfg = Release|Any CPU
		{E9D4AF3D-393A-4DB7-9203-2927D4DCD111}.Release|x64.Build.0 = Release|Any CPU
		{E9D4AF3D-393A-4DB7-9203-2927D4DCD111}.Release|x86.ActiveCfg = Release|Any CPU
		{E9D4AF3D-393A-4DB7-9203-2927D4DCD111}.Release|x86.Build.0 = Release|Any CPU
		{AE8548D3-9FDF-416E-9751-78606BECA554}.Debug|Any CPU.ActiveCfg = Debug|Any CPU
		{AE8548D3-9FDF-416E-9751-78606BECA554}.Debug|Any CPU.Build.0 = Debug|Any CPU
		{AE8548D3-9FDF-416E-9751-78606BECA554}.Debug|x64.ActiveCfg = Debug|Any CPU
		{AE8548D3-9FDF-416E-9751-78606BECA554}.Debug|x64.Build.0 = Debug|Any CPU
		{AE8548D3-9FDF-416E-9751-78606BECA554}.Debug|x86.ActiveCfg = Debug|Any CPU
		{AE8548D3-9FDF-416E-9751-78606BECA554}.Debug|x86.Build.0 = Debug|Any CPU
		{AE8548D3-9FDF-416E-9751-78606BECA554}.Release|Any CPU.ActiveCfg = Release|Any CPU
		{AE8548D3-9FDF-416E-9751-78606BECA554}.Release|Any CPU.Build.0 = Release|Any CPU
		{AE8548D3-9FDF-416E-9751-78606BECA554}.Release|x64.ActiveCfg = Release|Any CPU
		{AE8548D3-9FDF-416E-9751-78606BECA554}.Release|x64.Build.0 = Release|Any CPU
		{AE8548D3-9FDF-416E-9751-78606BECA554}.Release|x86.ActiveCfg = Release|Any CPU
		{AE8548D3-9FDF-416E-9751-78606BECA554}.Release|x86.Build.0 = Release|Any CPU
		{BF4CEB8F-F0FE-4C75-A646-F49FC4453D2A}.Debug|Any CPU.ActiveCfg = Debug|Any CPU
		{BF4CEB8F-F0FE-4C75-A646-F49FC4453D2A}.Debug|Any CPU.Build.0 = Debug|Any CPU
		{BF4CEB8F-F0FE-4C75-A646-F49FC4453D2A}.Debug|x64.ActiveCfg = Debug|Any CPU
		{BF4CEB8F-F0FE-4C75-A646-F49FC4453D2A}.Debug|x64.Build.0 = Debug|Any CPU
		{BF4CEB8F-F0FE-4C75-A646-F49FC4453D2A}.Debug|x86.ActiveCfg = Debug|Any CPU
		{BF4CEB8F-F0FE-4C75-A646-F49FC4453D2A}.Debug|x86.Build.0 = Debug|Any CPU
		{BF4CEB8F-F0FE-4C75-A646-F49FC4453D2A}.Release|Any CPU.ActiveCfg = Release|Any CPU
		{BF4CEB8F-F0FE-4C75-A646-F49FC4453D2A}.Release|Any CPU.Build.0 = Release|Any CPU
		{BF4CEB8F-F0FE-4C75-A646-F49FC4453D2A}.Release|x64.ActiveCfg = Release|Any CPU
		{BF4CEB8F-F0FE-4C75-A646-F49FC4453D2A}.Release|x64.Build.0 = Release|Any CPU
		{BF4CEB8F-F0FE-4C75-A646-F49FC4453D2A}.Release|x86.ActiveCfg = Release|Any CPU
		{BF4CEB8F-F0FE-4C75-A646-F49FC4453D2A}.Release|x86.Build.0 = Release|Any CPU
		{E2FF2ADD-0FC8-4078-8882-FEF84EF9D587}.Debug|Any CPU.ActiveCfg = Debug|Any CPU
		{E2FF2ADD-0FC8-4078-8882-FEF84EF9D587}.Debug|Any CPU.Build.0 = Debug|Any CPU
		{E2FF2ADD-0FC8-4078-8882-FEF84EF9D587}.Debug|x64.ActiveCfg = Debug|Any CPU
		{E2FF2ADD-0FC8-4078-8882-FEF84EF9D587}.Debug|x64.Build.0 = Debug|Any CPU
		{E2FF2ADD-0FC8-4078-8882-FEF84EF9D587}.Debug|x86.ActiveCfg = Debug|Any CPU
		{E2FF2ADD-0FC8-4078-8882-FEF84EF9D587}.Debug|x86.Build.0 = Debug|Any CPU
		{E2FF2ADD-0FC8-4078-8882-FEF84EF9D587}.Release|Any CPU.ActiveCfg = Release|Any CPU
		{E2FF2ADD-0FC8-4078-8882-FEF84EF9D587}.Release|Any CPU.Build.0 = Release|Any CPU
		{E2FF2ADD-0FC8-4078-8882-FEF84EF9D587}.Release|x64.ActiveCfg = Release|Any CPU
		{E2FF2ADD-0FC8-4078-8882-FEF84EF9D587}.Release|x64.Build.0 = Release|Any CPU
		{E2FF2ADD-0FC8-4078-8882-FEF84EF9D587}.Release|x86.ActiveCfg = Release|Any CPU
		{E2FF2ADD-0FC8-4078-8882-FEF84EF9D587}.Release|x86.Build.0 = Release|Any CPU
	EndGlobalSection
	GlobalSection(SolutionProperties) = preSolution
		HideSolutionNode = FALSE
	EndGlobalSection
	GlobalSection(ExtensibilityGlobals) = postSolution
		SolutionGuid = {CF00E669-E7D8-4468-8630-12AC12B4843D}
	EndGlobalSection
EndGlobal
